# Generated by pub on 2026-08-13 10:00:00 UTC
packages:
  http:
    dependency: "direct main"
    description:
      name: http
      sha256: "abc123"
      url: "https://pub.dev"
    source: hosted
    version: "1.2.0"
  provider:
    dependency: "direct main"
    description:
      name: provider
      url: "https://pub.dev"
    source: hosted
    version: "6.1.2"
  dio:
    dependency: "direct main"
    description:
      name: dio
      url: "https://pub.dev"
    source: hosted
    version: "5.4.0"
  intl:
    dependency: "direct main"
    description:
      name: intl
      url: "https://pub.dev"
    source: hosted
    version: "0.18.1"
  riverpod:
    dependency: "direct main"
    description:
      name: riverpod
      url: "https://pub.dev"
    source: hosted
    version: "2.5.1"
  flutter_lints:
    dependency: "direct dev"
    description:
      name: flutter_lints
      url: "https://pub.dev"
    source: hosted
    version: "4.0.0"
  flutter:
    dependency: "direct main"
    description: flutter
    source: sdk
    version: "0.0.0"
  flutter_test:
    dependency: "direct dev"
    description: flutter
    source: sdk
    version: "0.0.0"
sdks:
  dart: ">=3.3.0 <4.0.0"
  flutter: ">=3.19.0"
